{
  "name": "photography-portfolio-functions",
  "version": "1.0.0",
  "lockfileVersion": 3,
  "requires": true,
  "packages": {
    "": {
      "name": "photography-portfolio-functions",
      "version": "1.0.0",
      "dependencies": {
        "@cf-wasm/photon": "^0.1.29"
      },
      "engines": {
        "node": ">=18.0.0"
      }
    },
    "node_modules/@cf-wasm/internals": {
      "version": "0.0.3",
      "resolved": "https://registry.npmjs.org/@cf-wasm/internals/-/internals-0.0.3.tgz",
      "integrity": "sha512-v6PmiQnJIrVvL2IdPg5aCqARSKw/U1JvFsms2cCt3Szx3/3EvtVVhN9MALCh6kZ2CV2fvzs3tmiYezRQ6JyqcQ==",
      "license": "MIT"
    },
    "node_modules/@cf-wasm/photon": {
      "version": "0.1.31",
      "resolved": "https://registry.npmjs.org/@cf-wasm/photon/-/photon-0.1.31.tgz",
      "integrity": "sha512-czB1kvK8L1oKsBcQxNhWn5JyIlXrXF+Fd61kQSZSwxi+ol7ikqf9SPnEVQ//C3MW9bzp62eCVMetoB5+9iMsvw==",
      "license": "Apache-2.0",
      "dependencies": {
        "@cf-wasm/internals": "0.0.3"
      }
    }
  }
}
